
Microsoft Visual Studio Solution File, Format Version 12.00
# Visual Studio Version 16
VisualStudioVersion = 16.0.31624.102
MinimumVisualStudioVersion = 10.0.40219.1
Project("{FAE04EC0-301F-11D3-BF4B-00C04F79EFBC}") = "Interaction", "DAQuest4Loops\Interaction\Interaction.csproj", "{6B75110A-A527-42BE-8DD7-49C8A496F2BB}"
EndProject
Project("{FAE04EC0-301F-11D3-BF4B-00C04F79EFBC}") = "DebugPluginLocally", "DAQuest4Loops\DebugPluginLocally\DebugPluginLocally.csproj", "{CE5C476A-F75A-403F-B390-44C6C864C516}"
EndProject
Project("{FAE04EC0-301F-11D3-BF4B-00C04F79EFBC}") = "DAQuest4LoopsPlugin", "DAQuest4Loops\DAQuest4LoopsPlugin\DAQuest4LoopsPlugin.csproj", "{F13B59FA-0FB4-4551-8C36-68D1F89F9839}"
EndProject
Global
	GlobalSection(SolutionConfigurationPlatforms) = preSolution
		Debug|Any CPU = Debug|Any CPU
		Release|Any CPU = Release|Any CPU
	EndGlobalSection
	GlobalSection(ProjectConfigurationPlatforms) = postSolution
		{6B75110A-A527-42BE-8DD7-49C8A496F2BB}.Debug|Any CPU.ActiveCfg = Debug|Any CPU
		{6B75110A-A527-42BE-8DD7-49C8A496F2BB}.Debug|Any CPU.Build.0 = Debug|Any CPU
		{6B75110A-A527-42BE-8DD7-49C8A496F2BB}.Release|Any CPU.ActiveCfg = Release|Any CPU
		{6B75110A-A527-42BE-8DD7-49C8A496F2BB}.Release|Any CPU.Build.0 = Release|Any CPU
		{CE5C476A-F75A-403F-B390-44C6C864C516}.Debug|Any CPU.ActiveCfg = Debug|Any CPU
		{CE5C476A-F75A-403F-B390-44C6C864C516}.Debug|Any CPU.Build.0 = Debug|Any CPU
		{CE5C476A-F75A-403F-B390-44C6C864C516}.Release|Any CPU.ActiveCfg = Release|Any CPU
		{CE5C476A-F75A-403F-B390-44C6C864C516}.Release|Any CPU.Build.0 = Release|Any CPU
		{F13B59FA-0FB4-4551-8C36-68D1F89F9839}.Debug|Any CPU.ActiveCfg = Debug|Any CPU
		{F13B59FA-0FB4-4551-8C36-68D1F89F9839}.Debug|Any CPU.Build.0 = Debug|Any CPU
		{F13B59FA-0FB4-4551-8C36-68D1F89F9839}.Release|Any CPU.ActiveCfg = Release|Any CPU
		{F13B59FA-0FB4-4551-8C36-68D1F89F9839}.Release|Any CPU.Build.0 = Release|Any CPU
	EndGlobalSection
	GlobalSection(SolutionProperties) = preSolution
		HideSolutionNode = FALSE
	EndGlobalSection
	GlobalSection(ExtensibilityGlobals) = postSolution
		SolutionGuid = {E23942E1-A164-4411-99B2-10B495CEC563}
	EndGlobalSection
EndGlobal
